
Microsoft Visual Studio Solution File, Format Version 12.00
# Visual Studio Version 17
VisualStudioVersion = 17.1.32228.430
MinimumVisualStudioVersion = 10.0.40219.1
Project("{9A19103F-16F7-4668-BE54-9A1E7A4F7556}") = "MapProjAPI.WebApp", "MapProjAPI\MapProjAPI.WebApp.csproj", "{9BAB1976-E85C-4690-AA6C-F98C73729044}"
EndProject
Project("{FAE04EC0-301F-11D3-BF4B-00C04F79EFBC}") = "MapProjAPI.EndpointsHandlers", "MapProjAPI.EndpointsHandlers\MapProjAPI.EndpointsHandlers.csproj", "{7755F96B-60CC-4B4B-937D-4C5CAFA9476C}"
EndProject
Project("{FAE04EC0-301F-11D3-BF4B-00C04F79EFBC}") = "MapProjAPI.Dtos", "MapProjAPI.Dtos\MapProjAPI.Dtos.csproj", "{2E11E1FF-15DA-4C63-B3D2-2D2141F38791}"
EndProject
Project("{FAE04EC0-301F-11D3-BF4B-00C04F79EFBC}") = "MapProjAPI.Shared", "MapProjAPI.Shared\MapProjAPI.Shared.csproj", "{3E0436CA-B44E-494A-AE4A-5B546ACA234D}"
EndProject
Global
	GlobalSection(SolutionConfigurationPlatforms) = preSolution
		Debug|Any CPU = Debug|Any CPU
		Release|Any CPU = Release|Any CPU
	EndGlobalSection
	GlobalSection(ProjectConfigurationPlatforms) = postSolution
		{9BAB1976-E85C-4690-AA6C-F98C73729044}.Debug|Any CPU.ActiveCfg = Debug|Any CPU
		{9BAB1976-E85C-4690-AA6C-F98C73729044}.Debug|Any CPU.Build.0 = Debug|Any CPU
		{9BAB1976-E85C-4690-AA6C-F98C73729044}.Release|Any CPU.ActiveCfg = Release|Any CPU
		{9BAB1976-E85C-4690-AA6C-F98C73729044}.Release|Any CPU.Build.0 = Release|Any CPU
		{7755F96B-60CC-4B4B-937D-4C5CAFA9476C}.Debug|Any CPU.ActiveCfg = Debug|Any CPU
		{7755F96B-60CC-4B4B-937D-4C5CAFA9476C}.Debug|Any CPU.Build.0 = Debug|Any CPU
		{7755F96B-60CC-4B4B-937D-4C5CAFA9476C}.Release|Any CPU.ActiveCfg = Release|Any CPU
		{7755F96B-60CC-4B4B-937D-4C5CAFA9476C}.Release|Any CPU.Build.0 = Release|Any CPU
		{2E11E1FF-15DA-4C63-B3D2-2D2141F38791}.Debug|Any CPU.ActiveCfg = Debug|Any CPU
		{2E11E1FF-15DA-4C63-B3D2-2D2141F38791}.Debug|Any CPU.Build.0 = Debug|Any CPU
		{2E11E1FF-15DA-4C63-B3D2-2D2141F38791}.Release|Any CPU.ActiveCfg = Release|Any CPU
		{2E11E1FF-15DA-4C63-B3D2-2D2141F38791}.Release|Any CPU.Build.0 = Release|Any CPU
		{3E0436CA-B44E-494A-AE4A-5B546ACA234D}.Debug|Any CPU.ActiveCfg = Debug|Any CPU
		{3E0436CA-B44E-494A-AE4A-5B546ACA234D}.Debug|Any CPU.Build.0 = Debug|Any CPU
		{3E0436CA-B44E-494A-AE4A-5B546ACA234D}.Release|Any CPU.ActiveCfg = Release|Any CPU
		{3E0436CA-B44E-494A-AE4A-5B546ACA234D}.Release|Any CPU.Build.0 = Release|Any CPU
	EndGlobalSection
	GlobalSection(SolutionProperties) = preSolution
		HideSolutionNode = FALSE
	EndGlobalSection
	GlobalSection(ExtensibilityGlobals) = postSolution
		SolutionGuid = {96F44B1F-5EDB-41A0-98E2-DF691B8CB128}
	EndGlobalSection
EndGlobal
